Microsoft Visual Studio Solution File, Format Version 12.00
# Visual Studio Version 17
VisualStudioVersion = 17.5.2.0
MinimumVisualStudioVersion = 10.0.40219.1
Project("{FAE04EC0-301F-11D3-BF4B-00C04F79EFBC}") = "coi_data_scraper", "coi_data_scraper.csproj", "{6F6D1F7F-34B9-481B-6527-1093FFFD8B4E}"
EndProject
Global
	GlobalSection(SolutionConfigurationPlatforms) = preSolution
		Debug|Any CPU = Debug|Any CPU
		Release|Any CPU = Release|Any CPU
	EndGlobalSection
	GlobalSection(ProjectConfigurationPlatforms) = postSolution
		{6F6D1F7F-34B9-481B-6527-1093FFFD8B4E}.Debug|Any CPU.ActiveCfg = Debug|Any CPU
		{6F6D1F7F-34B9-481B-6527-1093FFFD8B4E}.Debug|Any CPU.Build.0 = Debug|Any CPU
		{6F6D1F7F-34B9-481B-6527-1093FFFD8B4E}.Release|Any CPU.ActiveCfg = Release|Any CPU
		{6F6D1F7F-34B9-481B-6527-1093FFFD8B4E}.Release|Any CPU.Build.0 = Release|Any CPU
	EndGlobalSection
	GlobalSection(SolutionProperties) = preSolution
		HideSolutionNode = FALSE
	EndGlobalSection
	GlobalSection(ExtensibilityGlobals) = postSolution
		SolutionGuid = {C0E915AC-E8F2-4FA9-8EE7-AF4B384394F0}
	EndGlobalSection
EndGlobal
